// !$*UTF8*$!
{
	archiveVersion = 1;
	classes = {
	};
	objectVersion = 50;
	objects = {

/* Begin PBXBuildFile section */
		74CE13EB2498C73B00F9600D /* AppDelegate.swift in Sources */ = {isa = PBXBuildFile; fileRef = 74CE13EA2498C73B00F9600D /* AppDelegate.swift */; };
		74CE13ED2498C73B00F9600D /* SceneDelegate.swift in Sources */ = {isa = PBXBuildFile; fileRef = 74CE13EC2498C73B00F9600D /* SceneDelegate.swift */; };
		74CE13F42498C73F00F9600D /* Assets.xcassets in Resources */ = {isa = PBXBuildFile; fileRef = 74CE13F32498C73F00F9600D /* Assets.xcassets */; };
		74CE13F72498C73F00F9600D /* LaunchScreen.storyboard in Resources */ = {isa = PBXBuildFile; fileRef = 74CE13F52498C73F00F9600D /* LaunchScreen.storyboard */; };
		74CE14012498CB3200F9600D /* VKSdkFramework.framework in Frameworks */ = {isa = PBXBuildFile; fileRef = 74CE14002498CB3200F9600D /* VKSdkFramework.framework */; };
		74CE14022498CB3200F9600D /* VKSdkFramework.framework in Embed Frameworks */ = {isa = PBXBuildFile; fileRef = 74CE14002498CB3200F9600D /* VKSdkFramework.framework */; settings = {ATTRIBUTES = (CodeSignOnCopy, RemoveHeadersOnCopy, ); }; };
		74CE14042498CB3500F9600D /* VKSdkFramework.framework in Frameworks */ = {isa = PBXBuildFile; fileRef = 74CE14002498CB3200F9600D /* VKSdkFramework.framework */; };
		74CE140B2498CC9C00F9600D /* AuthService.swift in Sources */ = {isa = PBXBuildFile; fileRef = 74CE140A2498CC9C00F9600D /* AuthService.swift */; };
		74CE140E2498CD5100F9600D /* AuthViewController.swift in Sources */ = {isa = PBXBuildFile; fileRef = 74CE140D2498CD5100F9600D /* AuthViewController.swift */; };
		74CE14102498CD5A00F9600D /* AuthViewController.storyboard in Resources */ = {isa = PBXBuildFile; fileRef = 74CE140F2498CD5A00F9600D /* AuthViewController.storyboard */; };
		74CE14132498D7B400F9600D /* NetworkService.swift in Sources */ = {isa = PBXBuildFile; fileRef = 74CE14122498D7B400F9600D /* NetworkService.swift */; };
		74CE14152498D85800F9600D /* API.swift in Sources */ = {isa = PBXBuildFile; fileRef = 74CE14142498D85800F9600D /* API.swift */; };
		74CE1418249A1A9200F9600D /* FeedResponse.swift in Sources */ = {isa = PBXBuildFile; fileRef = 74CE1417249A1A9200F9600D /* FeedResponse.swift */; };
		74CE141A249A31FB00F9600D /* NetworkDataFetcher.swift in Sources */ = {isa = PBXBuildFile; fileRef = 74CE1419249A31FB00F9600D /* NetworkDataFetcher.swift */; };
		74E9A570249A3D5F003CDC14 /* NewsfeedPresenter.swift in Sources */ = {isa = PBXBuildFile; fileRef = 74E9A569249A3D5F003CDC14 /* NewsfeedPresenter.swift */; };
		74E9A571249A3D5F003CDC14 /* NewsfeedWorker.swift in Sources */ = {isa = PBXBuildFile; fileRef = 74E9A56A249A3D5F003CDC14 /* NewsfeedWorker.swift */; };
		74E9A572249A3D5F003CDC14 /* NewsfeedRouter.swift in Sources */ = {isa = PBXBuildFile; fileRef = 74E9A56B249A3D5F003CDC14 /* NewsfeedRouter.swift */; };
		74E9A573249A3D5F003CDC14 /* NewsfeedModels.swift in Sources */ = {isa = PBXBuildFile; fileRef = 74E9A56C249A3D5F003CDC14 /* NewsfeedModels.swift */; };
		74E9A574249A3D5F003CDC14 /* NewsfeedViewController.swift in Sources */ = {isa = PBXBuildFile; fileRef = 74E9A56D249A3D5F003CDC14 /* NewsfeedViewController.swift */; };
		74E9A575249A3D5F003CDC14 /* NewsfeedInteractor.swift in Sources */ = {isa = PBXBuildFile; fileRef = 74E9A56E249A3D5F003CDC14 /* NewsfeedInteractor.swift */; };
		74E9A579249A637F003CDC14 /* NewsFeedCell.swift in Sources */ = {isa = PBXBuildFile; fileRef = 74E9A578249A637F003CDC14 /* NewsFeedCell.swift */; };
		74E9A57B249A63E8003CDC14 /* NewsFeedCell.xib in Resources */ = {isa = PBXBuildFile; fileRef = 74E9A57A249A63E8003CDC14 /* NewsFeedCell.xib */; };
		74E9A57D249A6599003CDC14 /* NewsfeedViewController.storyboard in Resources */ = {isa = PBXBuildFile; fileRef = 74E9A57C249A6599003CDC14 /* NewsfeedViewController.storyboard */; };
/* End PBXBuildFile section */

/* Begin PBXCopyFilesBuildPhase section */
		74CE14032498CB3200F9600D /* Embed Frameworks */ = {
			isa = PBXCopyFilesBuildPhase;
			buildActionMask = 2147483647;
			dstPath = "";
			dstSubfolderSpec = 10;
			files = (
				74CE14022498CB3200F9600D /* VKSdkFramework.framework in Embed Frameworks */,
			);
			name = "Embed Frameworks";
			runOnlyForDeploymentPostprocessing = 0;
		};
/* End PBXCopyFilesBuildPhase section */

/* Begin PBXFileReference section */
		74CE13E72498C73B00F9600D /* NewsFeed_v2.app */ = {isa = PBXFileReference; explicitFileType = wrapper.application; includeInIndex = 0; path = NewsFeed_v2.app; sourceTree = BUILT_PRODUCTS_DIR; };
		74CE13EA2498C73B00F9600D /* AppDelegate.swift */ = {isa = PBXFileReference; lastKnownFileType = sourcecode.swift; path = AppDelegate.swift; sourceTree = "<group>"; };
		74CE13EC2498C73B00F9600D /* SceneDelegate.swift */ = {isa = PBXFileReference; lastKnownFileType = sourcecode.swift; path = SceneDelegate.swift; sourceTree = "<group>"; };
		74CE13F32498C73F00F9600D /* Assets.xcassets */ = {isa = PBXFileReference; lastKnownFileType = folder.assetcatalog; path = Assets.xcassets; sourceTree = "<group>"; };
		74CE13F62498C73F00F9600D /* Base */ = {isa = PBXFileReference; lastKnownFileType = file.storyboard; name = Base; path = Base.lproj/LaunchScreen.storyboard; sourceTree = "<group>"; };
		74CE13F82498C73F00F9600D /* Info.plist */ = {isa = PBXFileReference; lastKnownFileType = text.plist.xml; path = Info.plist; sourceTree = "<group>"; };
		74CE14002498CB3200F9600D /* VKSdkFramework.framework */ = {isa = PBXFileReference; lastKnownFileType = wrapper.framework; name = VKSdkFramework.framework; path = Carthage/Build/iOS/VKSdkFramework.framework; sourceTree = "<group>"; };
		74CE140A2498CC9C00F9600D /* AuthService.swift */ = {isa = PBXFileReference; lastKnownFileType = sourcecode.swift; path = AuthService.swift; sourceTree = "<group>"; };
		74CE140D2498CD5100F9600D /* AuthViewController.swift */ = {isa = PBXFileReference; lastKnownFileType = sourcecode.swift; path = AuthViewController.swift; sourceTree = "<group>"; };
		74CE140F2498CD5A00F9600D /* AuthViewController.storyboard */ = {isa = PBXFileReference; lastKnownFileType = file.storyboard; path = AuthViewController.storyboard; sourceTree = "<group>"; };
		74CE14122498D7B400F9600D /* NetworkService.swift */ = {isa = PBXFileReference; lastKnownFileType = sourcecode.swift; path = NetworkService.swift; sourceTree = "<group>"; };
		74CE14142498D85800F9600D /* API.swift */ = {isa = PBXFileReference; lastKnownFileType = sourcecode.swift; path = API.swift; sourceTree = "<group>"; };
		74CE1417249A1A9200F9600D /* FeedResponse.swift */ = {isa = PBXFileReference; lastKnownFileType = sourcecode.swift; path = FeedResponse.swift; sourceTree = "<group>"; };
		74CE1419249A31FB00F9600D /* NetworkDataFetcher.swift */ = {isa = PBXFileReference; lastKnownFileType = sourcecode.swift; path = NetworkDataFetcher.swift; sourceTree = "<group>"; };
		74E9A569249A3D5F003CDC14 /* NewsfeedPresenter.swift */ = {isa = PBXFileReference; lastKnownFileType = sourcecode.swift; path = NewsfeedPresenter.swift; sourceTree = "<group>"; };
		74E9A56A249A3D5F003CDC14 /* NewsfeedWorker.swift */ = {isa = PBXFileReference; lastKnownFileType = sourcecode.swift; path = NewsfeedWorker.swift; sourceTree = "<group>"; };
		74E9A56B249A3D5F003CDC14 /* NewsfeedRouter.swift */ = {isa = PBXFileReference; lastKnownFileType = sourcecode.swift; path = NewsfeedRouter.swift; sourceTree = "<group>"; };
		74E9A56C249A3D5F003CDC14 /* NewsfeedModels.swift */ = {isa = PBXFileReference; lastKnownFileType = sourcecode.swift; path = NewsfeedModels.swift; sourceTree = "<group>"; };
		74E9A56D249A3D5F003CDC14 /* NewsfeedViewController.swift */ = {isa = PBXFileReference; lastKnownFileType = sourcecode.swift; path = NewsfeedViewController.swift; sourceTree = "<group>"; };
		74E9A56E249A3D5F003CDC14 /* NewsfeedInteractor.swift */ = {isa = PBXFileReference; lastKnownFileType = sourcecode.swift; path = NewsfeedInteractor.swift; sourceTree = "<group>"; };
		74E9A578249A637F003CDC14 /* NewsFeedCell.swift */ = {isa = PBXFileReference; lastKnownFileType = sourcecode.swift; path = NewsFeedCell.swift; sourceTree = "<group>"; };
		74E9A57A249A63E8003CDC14 /* NewsFeedCell.xib */ = {isa = PBXFileReference; lastKnownFileType = file.xib; path = NewsFeedCell.xib; sourceTree = "<group>"; };
		74E9A57C249A6599003CDC14 /* NewsfeedViewController.storyboard */ = {isa = PBXFileReference; lastKnownFileType = file.storyboard; path = NewsfeedViewController.storyboard; sourceTree = "<group>"; };
/* End PBXFileReference section */

/* Begin PBXFrameworksBuildPhase section */
		74CE13E42498C73B00F9600D /* Frameworks */ = {
			isa = PBXFrameworksBuildPhase;
			buildActionMask = 2147483647;
			files = (
				74CE14012498CB3200F9600D /* VKSdkFramework.framework in Frameworks */,
				74CE14042498CB3500F9600D /* VKSdkFramework.framework in Frameworks */,
			);
			runOnlyForDeploymentPostprocessing = 0;
		};
/* End PBXFrameworksBuildPhase section */

/* Begin PBXGroup section */
		74CE13DE2498C73B00F9600D = {
			isa = PBXGroup;
			children = (
				74CE13E92498C73B00F9600D /* NewsFeed_v2 */,
				74CE13E82498C73B00F9600D /* Products */,
				74CE13FF2498CB3200F9600D /* Frameworks */,
			);
			sourceTree = "<group>";
		};
		74CE13E82498C73B00F9600D /* Products */ = {
			isa = PBXGroup;
			children = (
				74CE13E72498C73B00F9600D /* NewsFeed_v2.app */,
			);
			name = Products;
			sourceTree = "<group>";
		};
		74CE13E92498C73B00F9600D /* NewsFeed_v2 */ = {
			isa = PBXGroup;
			children = (
				74E9A568249A3D29003CDC14 /* NewsFeed */,
				74CE13EA2498C73B00F9600D /* AppDelegate.swift */,
				74CE13EC2498C73B00F9600D /* SceneDelegate.swift */,
				74CE140C2498CCA600F9600D /* Services */,
				74CE14112498CD6A00F9600D /* AuthViewController */,
				74CE13F32498C73F00F9600D /* Assets.xcassets */,
				74CE13F52498C73F00F9600D /* LaunchScreen.storyboard */,
				74CE13F82498C73F00F9600D /* Info.plist */,
			);
			path = NewsFeed_v2;
			sourceTree = "<group>";
		};
		74CE13FF2498CB3200F9600D /* Frameworks */ = {
			isa = PBXGroup;
			children = (
				74CE14002498CB3200F9600D /* VKSdkFramework.framework */,
			);
			name = Frameworks;
			sourceTree = "<group>";
		};
		74CE140C2498CCA600F9600D /* Services */ = {
			isa = PBXGroup;
			children = (
				74CE1416249A1A7000F9600D /* Models */,
				74CE140A2498CC9C00F9600D /* AuthService.swift */,
				74CE14122498D7B400F9600D /* NetworkService.swift */,
				74CE14142498D85800F9600D /* API.swift */,
				74CE1419249A31FB00F9600D /* NetworkDataFetcher.swift */,
			);
			path = Services;
			sourceTree = "<group>";
		};
		74CE14112498CD6A00F9600D /* AuthViewController */ = {
			isa = PBXGroup;
			children = (
				74CE140D2498CD5100F9600D /* AuthViewController.swift */,
				74CE140F2498CD5A00F9600D /* AuthViewController.storyboard */,
			);
			path = AuthViewController;
			sourceTree = "<group>";
		};
		74CE1416249A1A7000F9600D /* Models */ = {
			isa = PBXGroup;
			children = (
				74CE1417249A1A9200F9600D /* FeedResponse.swift */,
			);
			path = Models;
			sourceTree = "<group>";
		};
		74E9A568249A3D29003CDC14 /* NewsFeed */ = {
			isa = PBXGroup;
			children = (
				74E9A577249A636D003CDC14 /* Cell */,
				74E9A57C249A6599003CDC14 /* NewsfeedViewController.storyboard */,
				74E9A56D249A3D5F003CDC14 /* NewsfeedViewController.swift */,
				74E9A56E249A3D5F003CDC14 /* NewsfeedInteractor.swift */,
				74E9A569249A3D5F003CDC14 /* NewsfeedPresenter.swift */,
				74E9A56C249A3D5F003CDC14 /* NewsfeedModels.swift */,
				74E9A56A249A3D5F003CDC14 /* NewsfeedWorker.swift */,
				74E9A56B249A3D5F003CDC14 /* NewsfeedRouter.swift */,
			);
			path = NewsFeed;
			sourceTree = "<group>";
		};
		74E9A577249A636D003CDC14 /* Cell */ = {
			isa = PBXGroup;
			children = (
				74E9A578249A637F003CDC14 /* NewsFeedCell.swift */,
				74E9A57A249A63E8003CDC14 /* NewsFeedCell.xib */,
			);
			path = Cell;
			sourceTree = "<group>";
		};
/* End PBXGroup section */

/* Begin PBXNativeTarget section */
		74CE13E62498C73B00F9600D /* NewsFeed_v2 */ = {
			isa = PBXNativeTarget;
			buildConfigurationList = 74CE13FB2498C73F00F9600D /* Build configuration list for PBXNativeTarget "NewsFeed_v2" */;
			buildPhases = (
				74CE13E32498C73B00F9600D /* Sources */,
				74CE13E42498C73B00F9600D /* Frameworks */,
				74CE13E52498C73B00F9600D /* Resources */,
				74CE13FE2498CA6C00F9600D /* ShellScript */,
				74CE14032498CB3200F9600D /* Embed Frameworks */,
			);
			buildRules = (
			);
			dependencies = (
			);
			name = NewsFeed_v2;
			productName = NewsFeed_v2;
			productReference = 74CE13E72498C73B00F9600D /* NewsFeed_v2.app */;
			productType = "com.apple.product-type.application";
		};
/* End PBXNativeTarget section */

/* Begin PBXProject section */
		74CE13DF2498C73B00F9600D /* Project object */ = {
			isa = PBXProject;
			attributes = {
				LastSwiftUpdateCheck = 1130;
				LastUpgradeCheck = 1130;
				ORGANIZATIONNAME = TASS;
				TargetAttributes = {
					74CE13E62498C73B00F9600D = {
						CreatedOnToolsVersion = 11.3;
					};
				};
			};
			buildConfigurationList = 74CE13E22498C73B00F9600D /* Build configuration list for PBXProject "NewsFeed_v2" */;
			compatibilityVersion = "Xcode 9.3";
			developmentRegion = en;
			hasScannedForEncodings = 0;
			knownRegions = (
				en,
				Base,
			);
			mainGroup = 74CE13DE2498C73B00F9600D;
			productRefGroup = 74CE13E82498C73B00F9600D /* Products */;
			projectDirPath = "";
			projectRoot = "";
			targets = (
				74CE13E62498C73B00F9600D /* NewsFeed_v2 */,
			);
		};
/* End PBXProject section */

/* Begin PBXResourcesBuildPhase section */
		74CE13E52498C73B00F9600D /* Resources */ = {
			isa = PBXResourcesBuildPhase;
			buildActionMask = 2147483647;
			files = (
				74CE14102498CD5A00F9600D /* AuthViewController.storyboard in Resources */,
				74E9A57D249A6599003CDC14 /* NewsfeedViewController.storyboard in Resources */,
				74E9A57B249A63E8003CDC14 /* NewsFeedCell.xib in Resources */,
				74CE13F72498C73F00F9600D /* LaunchScreen.storyboard in Resources */,
				74CE13F42498C73F00F9600D /* Assets.xcassets in Resources */,
			);
			runOnlyForDeploymentPostprocessing = 0;
		};
/* End PBXResourcesBuildPhase section */

/* Begin PBXShellScriptBuildPhase section */
		74CE13FE2498CA6C00F9600D /* ShellScript */ = {
			isa = PBXShellScriptBuildPhase;
			buildActionMask = 2147483647;
			files = (
			);
			inputFileListPaths = (
			);
			inputPaths = (
				"$(SRCROOT)/Carthage/Build/iOS/VKSdkFramework.framework",
			);
			outputFileListPaths = (
			);
			outputPaths = (
			);
			runOnlyForDeploymentPostprocessing = 0;
			shellPath = /bin/sh;
			shellScript = "/usr/local/bin/carthage copy-frameworks\n";
		};
/* End PBXShellScriptBuildPhase section */

/* Begin PBXSourcesBuildPhase section */
		74CE13E32498C73B00F9600D /* Sources */ = {
			isa = PBXSourcesBuildPhase;
			buildActionMask = 2147483647;
			files = (
				74CE13EB2498C73B00F9600D /* AppDelegate.swift in Sources */,
				74E9A574249A3D5F003CDC14 /* NewsfeedViewController.swift in Sources */,
				74CE140B2498CC9C00F9600D /* AuthService.swift in Sources */,
				74E9A570249A3D5F003CDC14 /* NewsfeedPresenter.swift in Sources */,
				74CE140E2498CD5100F9600D /* AuthViewController.swift in Sources */,
				74E9A572249A3D5F003CDC14 /* NewsfeedRouter.swift in Sources */,
				74CE14132498D7B400F9600D /* NetworkService.swift in Sources */,
				74CE13ED2498C73B00F9600D /* SceneDelegate.swift in Sources */,
				74E9A573249A3D5F003CDC14 /* NewsfeedModels.swift in Sources */,
				74CE141A249A31FB00F9600D /* NetworkDataFetcher.swift in Sources */,
				74E9A571249A3D5F003CDC14 /* NewsfeedWorker.swift in Sources */,
				74CE14152498D85800F9600D /* API.swift in Sources */,
				74CE1418249A1A9200F9600D /* FeedResponse.swift in Sources */,
				74E9A579249A637F003CDC14 /* NewsFeedCell.swift in Sources */,
				74E9A575249A3D5F003CDC14 /* NewsfeedInteractor.swift in Sources */,
			);
			runOnlyForDeploymentPostprocessing = 0;
		};
/* End PBXSourcesBuildPhase section */

/* Begin PBXVariantGroup section */
		74CE13F52498C73F00F9600D /* LaunchScreen.storyboard */ = {
			isa = PBXVariantGroup;
			children = (
				74CE13F62498C73F00F9600D /* Base */,
			);
			name = LaunchScreen.storyboard;
			sourceTree = "<group>";
		};
/* End PBXVariantGroup section */

/* Begin XCBuildConfiguration section */
		74CE13F92498C73F00F9600D /* Debug */ = {
			isa = XCBuildConfiguration;
			buildSettings = {
				ALWAYS_SEARCH_USER_PATHS = NO;
				CLANG_ANALYZER_NONNULL = YES;
				CLANG_ANALYZER_NUMBER_OBJECT_CONVERSION = YES_AGGRESSIVE;
				CLANG_CXX_LANGUAGE_STANDARD = "gnu++14";
				CLANG_CXX_LIBRARY = "libc++";
				CLANG_ENABLE_MODULES = YES;
				CLANG_ENABLE_OBJC_ARC = YES;
				CLANG_ENABLE_OBJC_WEAK = YES;
				CLANG_WARN_BLOCK_CAPTURE_AUTORELEASING = YES;
				CLANG_WARN_BOOL_CONVERSION = YES;
				CLANG_WARN_COMMA = YES;
				CLANG_WARN_CONSTANT_CONVERSION = YES;
				CLANG_WARN_DEPRECATED_OBJC_IMPLEMENTATIONS = YES;
				CLANG_WARN_DIRECT_OBJC_ISA_USAGE = YES_ERROR;
				CLANG_WARN_DOCUMENTATION_COMMENTS = YES;
				CLANG_WARN_EMPTY_BODY = YES;
				CLANG_WARN_ENUM_CONVERSION = YES;
				CLANG_WARN_INFINITE_RECURSION = YES;
				CLANG_WARN_INT_CONVERSION = YES;
				CLANG_WARN_NON_LITERAL_NULL_CONVERSION = YES;
				CLANG_WARN_OBJC_IMPLICIT_RETAIN_SELF = YES;
				CLANG_WARN_OBJC_LITERAL_CONVERSION = YES;
				CLANG_WARN_OBJC_ROOT_CLASS = YES_ERROR;
				CLANG_WARN_RANGE_LOOP_ANALYSIS = YES;
				CLANG_WARN_STRICT_PROTOTYPES = YES;
				CLANG_WARN_SUSPICIOUS_MOVE = YES;
				CLANG_WARN_UNGUARDED_AVAILABILITY = YES_AGGRESSIVE;
				CLANG_WARN_UNREACHABLE_CODE = YES;
				CLANG_WARN__DUPLICATE_METHOD_MATCH = YES;
				COPY_PHASE_STRIP = NO;
				DEBUG_INFORMATION_FORMAT = dwarf;
				ENABLE_STRICT_OBJC_MSGSEND = YES;
				ENABLE_TESTABILITY = YES;
				GCC_C_LANGUAGE_STANDARD = gnu11;
				GCC_DYNAMIC_NO_PIC = NO;
				GCC_NO_COMMON_BLOCKS = YES;
				GCC_OPTIMIZATION_LEVEL = 0;
				GCC_PREPROCESSOR_DEFINITIONS = (
					"DEBUG=1",
					"$(inherited)",
				);
				GCC_WARN_64_TO_32_BIT_CONVERSION = YES;
				GCC_WARN_ABOUT_RETURN_TYPE = YES_ERROR;
				GCC_WARN_UNDECLARED_SELECTOR = YES;
				GCC_WARN_UNINITIALIZED_AUTOS = YES_AGGRESSIVE;
				GCC_WARN_UNUSED_FUNCTION = YES;
				GCC_WARN_UNUSED_VARIABLE = YES;
				IPHONEOS_DEPLOYMENT_TARGET = 13.2;
				MTL_ENABLE_DEBUG_INFO = INCLUDE_SOURCE;
				MTL_FAST_MATH = YES;
				ONLY_ACTIVE_ARCH = YES;
				SDKROOT = iphoneos;
				SWIFT_ACTIVE_COMPILATION_CONDITIONS = DEBUG;
				SWIFT_OPTIMIZATION_LEVEL = "-Onone";
			};
			name = Debug;
		};
		74CE13FA2498C73F00F9600D /* Release */ = {
			isa = XCBuildConfiguration;
			buildSettings = {
				ALWAYS_SEARCH_USER_PATHS = NO;
				CLANG_ANALYZER_NONNULL = YES;
				CLANG_ANALYZER_NUMBER_OBJECT_CONVERSION = YES_AGGRESSIVE;
				CLANG_CXX_LANGUAGE_STANDARD = "gnu++14";
				CLANG_CXX_LIBRARY = "libc++";
				CLANG_ENABLE_MODULES = YES;
				CLANG_ENABLE_OBJC_ARC = YES;
				CLANG_ENABLE_OBJC_WEAK = YES;
				CLANG_WARN_BLOCK_CAPTURE_AUTORELEASING = YES;
				CLANG_WARN_BOOL_CONVERSION = YES;
				CLANG_WARN_COMMA = YES;
				CLANG_WARN_CONSTANT_CONVERSION = YES;
				CLANG_WARN_DEPRECATED_OBJC_IMPLEMENTATIONS = YES;
				CLANG_WARN_DIRECT_OBJC_ISA_USAGE = YES_ERROR;
				CLANG_WARN_DOCUMENTATION_COMMENTS = YES;
				CLANG_WARN_EMPTY_BODY = YES;
				CLANG_WARN_ENUM_CONVERSION = YES;
				CLANG_WARN_INFINITE_RECURSION = YES;
				CLANG_WARN_INT_CONVERSION = YES;
				CLANG_WARN_NON_LITERAL_NULL_CONVERSION = YES;
				CLANG_WARN_OBJC_IMPLICIT_RETAIN_SELF = YES;
				CLANG_WARN_OBJC_LITERAL_CONVERSION = YES;
				CLANG_WARN_OBJC_ROOT_CLASS = YES_ERROR;
				CLANG_WARN_RANGE_LOOP_ANALYSIS = YES;
				CLANG_WARN_STRICT_PROTOTYPES = YES;
				CLANG_WARN_SUSPICIOUS_MOVE = YES;
				CLANG_WARN_UNGUARDED_AVAILABILITY = YES_AGGRESSIVE;
				CLANG_WARN_UNREACHABLE_CODE = YES;
				CLANG_WARN__DUPLICATE_METHOD_MATCH = YES;
				COPY_PHASE_STRIP = NO;
				DEBUG_INFORMATION_FORMAT = "dwarf-with-dsym";
				ENABLE_NS_ASSERTIONS = NO;
				ENABLE_STRICT_OBJC_MSGSEND = YES;
				GCC_C_LANGUAGE_STANDARD = gnu11;
				GCC_NO_COMMON_BLOCKS = YES;
				GCC_WARN_64_TO_32_BIT_CONVERSION = YES;
				GCC_WARN_ABOUT_RETURN_TYPE = YES_ERROR;
				GCC_WARN_UNDECLARED_SELECTOR = YES;
				GCC_WARN_UNINITIALIZED_AUTOS = YES_AGGRESSIVE;
				GCC_WARN_UNUSED_FUNCTION = YES;
				GCC_WARN_UNUSED_VARIABLE = YES;
				IPHONEOS_DEPLOYMENT_TARGET = 13.2;
				MTL_ENABLE_DEBUG_INFO = NO;
				MTL_FAST_MATH = YES;
				SDKROOT = iphoneos;
				SWIFT_COMPILATION_MODE = wholemodule;
				SWIFT_OPTIMIZATION_LEVEL = "-O";
				VALIDATE_PRODUCT = YES;
			};
			name = Release;
		};
		74CE13FC2498C73F00F9600D /* Debug */ = {
			isa = XCBuildConfiguration;
			buildSettings = {
				ASSETCATALOG_COMPILER_APPICON_NAME = AppIcon;
				CODE_SIGN_STYLE = Automatic;
				DEVELOPMENT_TEAM = 277Q4TX9ZT;
				FRAMEWORK_SEARCH_PATHS = (
					"$(inherited)",
					"$(PROJECT_DIR)/Carthage/Build/iOS",
				);
				INFOPLIST_FILE = NewsFeed_v2/Info.plist;
				LD_RUNPATH_SEARCH_PATHS = (
					"$(inherited)",
					"@executable_path/Frameworks",
				);
				PRODUCT_BUNDLE_IDENTIFIER = "ru.Didenko-Egor.NewsFeed-v2";
				PRODUCT_NAME = "$(TARGET_NAME)";
				SWIFT_VERSION = 5.0;
				TARGETED_DEVICE_FAMILY = "1,2";
			};
			name = Debug;
		};
		74CE13FD2498C73F00F9600D /* Release */ = {
			isa = XCBuildConfiguration;
			buildSettings = {
				ASSETCATALOG_COMPILER_APPICON_NAME = AppIcon;
				CODE_SIGN_STYLE = Automatic;
				DEVELOPMENT_TEAM = 277Q4TX9ZT;
				FRAMEWORK_SEARCH_PATHS = (
					"$(inherited)",
					"$(PROJECT_DIR)/Carthage/Build/iOS",
				);
				INFOPLIST_FILE = NewsFeed_v2/Info.plist;
				LD_RUNPATH_SEARCH_PATHS = (
					"$(inherited)",
					"@executable_path/Frameworks",
				);
				PRODUCT_BUNDLE_IDENTIFIER = "ru.Didenko-Egor.NewsFeed-v2";
				PRODUCT_NAME = "$(TARGET_NAME)";
				SWIFT_VERSION = 5.0;
				TARGETED_DEVICE_FAMILY = "1,2";
			};
			name = Release;
		};
/* End XCBuildConfiguration section */

/* Begin XCConfigurationList section */
		74CE13E22498C73B00F9600D /* Build configuration list for PBXProject "NewsFeed_v2" */ = {
			isa = XCConfigurationList;
			buildConfigurations = (
				74CE13F92498C73F00F9600D /* Debug */,
				74CE13FA2498C73F00F9600D /* Release */,
			);
			defaultConfigurationIsVisible = 0;
			defaultConfigurationName = Release;
		};
		74CE13FB2498C73F00F9600D /* Build configuration list for PBXNativeTarget "NewsFeed_v2" */ = {
			isa = XCConfigurationList;
			buildConfigurations = (
				74CE13FC2498C73F00F9600D /* Debug */,
				74CE13FD2498C73F00F9600D /* Release */,
			);
			defaultConfigurationIsVisible = 0;
			defaultConfigurationName = Release;
		};
/* End XCConfigurationList section */
	};
	rootObject = 74CE13DF2498C73B00F9600D /* Project object */;
}
